
Microsoft Visual Studio Solution File, Format Version 12.00
# Visual Studio Version 17
VisualStudioVersion = 17.11.35222.181
MinimumVisualStudioVersion = 10.0.40219.1
Project("{FAE04EC0-301F-11D3-BF4B-00C04F79EFBC}") = "PropertyChanged", "PropertyChanged.csproj", "{DE9C5664-5336-4D73-82FA-459D344941CB}"
EndProject
Global
	GlobalSection(SolutionConfigurationPlatforms) = preSolution
		Debug|Any CPU = Debug|Any CPU
		Release|Any CPU = Release|Any CPU
	EndGlobalSection
	GlobalSection(ProjectConfigurationPlatforms) = postSolution
		{DE9C5664-5336-4D73-82FA-459D344941CB}.Debug|Any CPU.ActiveCfg = Debug|Any CPU
		{DE9C5664-5336-4D73-82FA-459D344941CB}.Debug|Any CPU.Build.0 = Debug|Any CPU
		{DE9C5664-5336-4D73-82FA-459D344941CB}.Release|Any CPU.ActiveCfg = Release|Any CPU
		{DE9C5664-5336-4D73-82FA-459D344941CB}.Release|Any CPU.Build.0 = Release|Any CPU
	EndGlobalSection
	GlobalSection(SolutionProperties) = preSolution
		HideSolutionNode = FALSE
	EndGlobalSection
	GlobalSection(ExtensibilityGlobals) = postSolution
		SolutionGuid = {31350F29-CEAE-44E7-B582-CE009DA88029}
	EndGlobalSection
EndGlobal
